PODS:
  - Google-Mobile-Ads-SDK (7.29.0)
  - YelpAPI (3.0.0)

DEPENDENCIES:
  - Google-Mobile-Ads-SDK
  - YelpAPI

SPEC CHECKSUMS:
  Google-Mobile-Ads-SDK: 375bbb821b3df2106c37b74f6b0a97576ddc5f6b
  YelpAPI: 9ae0ee45b998d306c1aff9b2d966dc23121f191e

PODFILE CHECKSUM: 032769e2f25ac7e1359fcadb928ac02eaa9c4283

COCOAPODS: 1.4.0
