// !$*UTF8*$!
{
	archiveVersion = 1;
	classes = {
	};
	objectVersion = 46;
	objects = {

/* Begin PBXBuildFile section */
		642362121E5FCD4900073B68 /* BVTSurpriseSubCategoryTableViewController.m in Sources */ = {isa = PBXBuildFile; fileRef = 642362111E5FCD4900073B68 /* BVTSurpriseSubCategoryTableViewController.m */; };
		642362181E5FDA8400073B68 /* BVTSurpriseShoppingCartTableViewController.m in Sources */ = {isa = PBXBuildFile; fileRef = 642362171E5FDA8400073B68 /* BVTSurpriseShoppingCartTableViewController.m */; };
		643B4DAF1E2CB2C300951303 /* main.m in Sources */ = {isa = PBXBuildFile; fileRef = 643B4DAD1E2CB2C300951303 /* main.m */; };
		643B4DC31E2CB2F100951303 /* AppDelegate.m in Sources */ = {isa = PBXBuildFile; fileRef = 643B4DB91E2CB2F100951303 /* AppDelegate.m */; };
		644111E71E2D33E000C3ED18 /* MapKit.framework in Frameworks */ = {isa = PBXBuildFile; fileRef = 644111E61E2D33E000C3ED18 /* MapKit.framework */; };
		6441120C1E2D345600C3ED18 /* BVTAboutTableViewController.m in Sources */ = {isa = PBXBuildFile; fileRef = 644111E91E2D345600C3ED18 /* BVTAboutTableViewController.m */; };
		6441120D1E2D345600C3ED18 /* BVTCategoryTableViewController.m in Sources */ = {isa = PBXBuildFile; fileRef = 644111EB1E2D345600C3ED18 /* BVTCategoryTableViewController.m */; };
		6441120E1E2D345600C3ED18 /* BVTDetailTableViewController.m in Sources */ = {isa = PBXBuildFile; fileRef = 644111ED1E2D345600C3ED18 /* BVTDetailTableViewController.m */; };
		6441120F1E2D345600C3ED18 /* BVTExploreCollectionViewCell.m in Sources */ = {isa = PBXBuildFile; fileRef = 644111EF1E2D345600C3ED18 /* BVTExploreCollectionViewCell.m */; };
		644112101E2D345600C3ED18 /* BVTExploreViewController.m in Sources */ = {isa = PBXBuildFile; fileRef = 644111F11E2D345600C3ED18 /* BVTExploreViewController.m */; };
		644112111E2D345600C3ED18 /* BVTHeaderTitleView.m in Sources */ = {isa = PBXBuildFile; fileRef = 644111F31E2D345600C3ED18 /* BVTHeaderTitleView.m */; };
		644112121E2D345600C3ED18 /* BVTSplitTableViewCell.m in Sources */ = {isa = PBXBuildFile; fileRef = 644111F51E2D345600C3ED18 /* BVTSplitTableViewCell.m */; };
		644112131E2D345600C3ED18 /* BVTStyles.m in Sources */ = {isa = PBXBuildFile; fileRef = 644111F71E2D345600C3ED18 /* BVTStyles.m */; };
		644112141E2D345600C3ED18 /* BVTSubCategoryTableViewController.m in Sources */ = {isa = PBXBuildFile; fileRef = 644111F91E2D345600C3ED18 /* BVTSubCategoryTableViewController.m */; };
		644112151E2D345600C3ED18 /* BVTSurpriseCategoryTableViewController.m in Sources */ = {isa = PBXBuildFile; fileRef = 644111FB1E2D345600C3ED18 /* BVTSurpriseCategoryTableViewController.m */; };
		644112161E2D345600C3ED18 /* BVTThumbNailTableViewCell.m in Sources */ = {isa = PBXBuildFile; fileRef = 644111FD1E2D345600C3ED18 /* BVTThumbNailTableViewCell.m */; };
		644112171E2D345600C3ED18 /* BVTYelpAddressTableViewCell.m in Sources */ = {isa = PBXBuildFile; fileRef = 644111FF1E2D345600C3ED18 /* BVTYelpAddressTableViewCell.m */; };
		644112181E2D345600C3ED18 /* BVTYelpPhoneTableViewCell.m in Sources */ = {isa = PBXBuildFile; fileRef = 644112011E2D345600C3ED18 /* BVTYelpPhoneTableViewCell.m */; };
		644112191E2D345600C3ED18 /* BVTYelpMapTableViewCell.m in Sources */ = {isa = PBXBuildFile; fileRef = 644112031E2D345600C3ED18 /* BVTYelpMapTableViewCell.m */; };
		6441121B1E2D345600C3ED18 /* BVTYelpRatingTableViewCell.m in Sources */ = {isa = PBXBuildFile; fileRef = 644112071E2D345600C3ED18 /* BVTYelpRatingTableViewCell.m */; };
		6441121C1E2D345600C3ED18 /* BVTPageContentViewController.m in Sources */ = {isa = PBXBuildFile; fileRef = 644112091E2D345600C3ED18 /* BVTPageContentViewController.m */; };
		6441121D1E2D345600C3ED18 /* BVTPageRootViewController.m in Sources */ = {isa = PBXBuildFile; fileRef = 6441120B1E2D345600C3ED18 /* BVTPageRootViewController.m */; };
		647314A61EB5A23A009C0EA5 /* BVTYelpReviewsTableViewCell.xib in Resources */ = {isa = PBXBuildFile; fileRef = 647314A51EB5A23A009C0EA5 /* BVTYelpReviewsTableViewCell.xib */; };
		6473625A1EB2F34700C3DA25 /* CoreLocation.framework in Frameworks */ = {isa = PBXBuildFile; fileRef = 647362591EB2F34700C3DA25 /* CoreLocation.framework */; };
		648166B01E5657B400071628 /* BVTYelpReviewsTableViewCell.m in Sources */ = {isa = PBXBuildFile; fileRef = 648166AE1E5657B400071628 /* BVTYelpReviewsTableViewCell.m */; };
		64908A7C1E494E6100BC6884 /* BVTYelpCategoryTableViewCell.m in Sources */ = {isa = PBXBuildFile; fileRef = 64908A7A1E494E6100BC6884 /* BVTYelpCategoryTableViewCell.m */; };
		64934CA51E306AC500386B5B /* Assets.xcassets in Resources */ = {isa = PBXBuildFile; fileRef = 64934CA41E306AC500386B5B /* Assets.xcassets */; };
		64934CAA1E306AD900386B5B /* LaunchScreen.storyboard in Resources */ = {isa = PBXBuildFile; fileRef = 64934CA61E306AD900386B5B /* LaunchScreen.storyboard */; };
		64934CAB1E306AD900386B5B /* Main.storyboard in Resources */ = {isa = PBXBuildFile; fileRef = 64934CA81E306AD900386B5B /* Main.storyboard */; };
		64934CB21E306B7000386B5B /* BVTExploreCollectionViewCell.xib in Resources */ = {isa = PBXBuildFile; fileRef = 64934CB11E306B7000386B5B /* BVTExploreCollectionViewCell.xib */; };
		64934CB81E306BA100386B5B /* BVTSplitTableViewCell.xib in Resources */ = {isa = PBXBuildFile; fileRef = 64934CB71E306BA100386B5B /* BVTSplitTableViewCell.xib */; };
		64934CBA1E306BA800386B5B /* BVTThumbNailTableViewCell.xib in Resources */ = {isa = PBXBuildFile; fileRef = 64934CB91E306BA800386B5B /* BVTThumbNailTableViewCell.xib */; };
		64934CBC1E306BB500386B5B /* BVTYelpAddressTableViewCell.xib in Resources */ = {isa = PBXBuildFile; fileRef = 64934CBB1E306BB500386B5B /* BVTYelpAddressTableViewCell.xib */; };
		64934CBE1E306BC700386B5B /* BVTYelpPhoneTableViewCell.xib in Resources */ = {isa = PBXBuildFile; fileRef = 64934CBD1E306BC700386B5B /* BVTYelpPhoneTableViewCell.xib */; };
		64934CC01E306BCE00386B5B /* BVTYelpMapTableViewCell.xib in Resources */ = {isa = PBXBuildFile; fileRef = 64934CBF1E306BCE00386B5B /* BVTYelpMapTableViewCell.xib */; };
		64934CC21E306BD300386B5B /* BVTYelpRatingTableViewCell.xib in Resources */ = {isa = PBXBuildFile; fileRef = 64934CC11E306BD300386B5B /* BVTYelpRatingTableViewCell.xib */; };
		64934CC41E306C1E00386B5B /* BVTHeaderTitleView.xib in Resources */ = {isa = PBXBuildFile; fileRef = 64934CC31E306C1E00386B5B /* BVTHeaderTitleView.xib */; };
		649B84581EE0F92E00C3D6CD /* BVTAboutTableViewCell.m in Sources */ = {isa = PBXBuildFile; fileRef = 649B84571EE0F92E00C3D6CD /* BVTAboutTableViewCell.m */; };
		64A3386C1EA6F48E0061CA83 /* BVTTableViewSectionHeaderView.m in Sources */ = {isa = PBXBuildFile; fileRef = 64A3386B1EA6F48E0061CA83 /* BVTTableViewSectionHeaderView.m */; };
		64A338711EA7067F0061CA83 /* BVTHUDView.m in Sources */ = {isa = PBXBuildFile; fileRef = 64A338701EA7067F0061CA83 /* BVTHUDView.m */; };
		64A481081EC94E6800A80600 /* BVTTabBarController.m in Sources */ = {isa = PBXBuildFile; fileRef = 64A481071EC94E6800A80600 /* BVTTabBarController.m */; };
		64AC0DEB1EE3A6070061733A /* BVTDisclaimerViewController.m in Sources */ = {isa = PBXBuildFile; fileRef = 64AC0DE91EE3A5BD0061733A /* BVTDisclaimerViewController.m */; };
		64AED0AE1EDA6EDC004627D9 /* BVTSearchTableViewController.m in Sources */ = {isa = PBXBuildFile; fileRef = 64AED0AD1EDA6EDC004627D9 /* BVTSearchTableViewController.m */; };
		64B990CE1E99D45C0002EE4E /* BVTSurpriseRecommendationsTableViewController.m in Sources */ = {isa = PBXBuildFile; fileRef = 64B990CD1E99D45C0002EE4E /* BVTSurpriseRecommendationsTableViewController.m */; };
		64C6DD221EE0F6C300C8132F /* BVTAboutTableViewCell.xib in Resources */ = {isa = PBXBuildFile; fileRef = 64C6DD201EE0F6C300C8132F /* BVTAboutTableViewCell.xib */; };
		64C743E91EF4CA92001CA4EB /* BVTCache.m in Sources */ = {isa = PBXBuildFile; fileRef = 64C743E81EF4CA92001CA4EB /* BVTCache.m */; };
		64C88B4E1E5545CF00ECA06B /* BVTPresentationTableViewController.m in Sources */ = {isa = PBXBuildFile; fileRef = 64C88B4D1E5545CF00ECA06B /* BVTPresentationTableViewController.m */; };
		64C88B5B1E55498100ECA06B /* BVTYelpPhotoTableViewCell.xib in Resources */ = {isa = PBXBuildFile; fileRef = 64C88B5A1E55498100ECA06B /* BVTYelpPhotoTableViewCell.xib */; };
		64C88B5E1E55499800ECA06B /* BVTYelpPhotoTableViewCell.m in Sources */ = {isa = PBXBuildFile; fileRef = 64C88B5D1E55499800ECA06B /* BVTYelpPhotoTableViewCell.m */; };
		64E905EE1E49704000331C3F /* BVTYelpHoursTableViewCell.m in Sources */ = {isa = PBXBuildFile; fileRef = 64E905EC1E49704000331C3F /* BVTYelpHoursTableViewCell.m */; };
		64E905EF1E49704000331C3F /* BVTYelpHoursTableViewCell.xib in Resources */ = {isa = PBXBuildFile; fileRef = 64E905ED1E49704000331C3F /* BVTYelpHoursTableViewCell.xib */; };
		64E905F31E4970BC00331C3F /* BVTYelpCategoryTableViewCell.xib in Resources */ = {isa = PBXBuildFile; fileRef = 64E905F21E4970BC00331C3F /* BVTYelpCategoryTableViewCell.xib */; };
		CF386C2C86B09043D41680B2 /* libPods-bvt.a in Frameworks */ = {isa = PBXBuildFile; fileRef = 590D4A53A998579B76DD8514 /* libPods-bvt.a */; };
/* End PBXBuildFile section */

/* Begin PBXCopyFilesBuildPhase section */
		640178FE1E2C4B9B00BBA8D2 /* Embed Frameworks */ = {
			isa = PBXCopyFilesBuildPhase;
			buildActionMask = 2147483647;
			dstPath = "";
			dstSubfolderSpec = 10;
			files = (
			);
			name = "Embed Frameworks";
			runOnlyForDeploymentPostprocessing = 0;
		};
/* End PBXCopyFilesBuildPhase section */

/* Begin PBXFileReference section */
		590D4A53A998579B76DD8514 /* libPods-bvt.a */ = {isa = PBXFileReference; explicitFileType = archive.ar; includeInIndex = 0; path = "libPods-bvt.a"; sourceTree = BUILT_PRODUCTS_DIR; };
		640178FF1E2C4BAF00BBA8D2 /* libYelpAPI.a */ = {isa = PBXFileReference; lastKnownFileType = archive.ar; name = libYelpAPI.a; path = "../../Library/Developer/Xcode/DerivedData/bvt-hjftkdqploieouekjahtdglmzgkr/Build/Products/Debug-iphonesimulator/YelpAPI/libYelpAPI.a"; sourceTree = "<group>"; };
		640179011E2C4BB900BBA8D2 /* YelpAPI.framework */ = {isa = PBXFileReference; lastKnownFileType = wrapper.framework; name = YelpAPI.framework; path = System/Library/Frameworks/YelpAPI.framework; sourceTree = SDKROOT; };
		642362101E5FCD4900073B68 /* BVTSurpriseSubCategoryTableViewController.h */ = {isa = PBXFileReference; fileEncoding = 4; lastKnownFileType = sourcecode.c.h; name = BVTSurpriseSubCategoryTableViewController.h; path = /Users/gomez/Developer/bvt/Classes/BVTSurpriseSubCategoryTableViewController.h; sourceTree = "<absolute>"; };
		642362111E5FCD4900073B68 /* BVTSurpriseSubCategoryTableViewController.m */ = {isa = PBXFileReference; fileEncoding = 4; lastKnownFileType = sourcecode.c.objc; name = BVTSurpriseSubCategoryTableViewController.m; path = /Users/gomez/Developer/bvt/Classes/BVTSurpriseSubCategoryTableViewController.m; sourceTree = "<absolute>"; };
		642362161E5FDA8400073B68 /* BVTSurpriseShoppingCartTableViewController.h */ = {isa = PBXFileReference; fileEncoding = 4; lastKnownFileType = sourcecode.c.h; name = BVTSurpriseShoppingCartTableViewController.h; path = /Users/gomez/Developer/bvt/Classes/BVTSurpriseShoppingCartTableViewController.h; sourceTree = "<absolute>"; };
		642362171E5FDA8400073B68 /* BVTSurpriseShoppingCartTableViewController.m */ = {isa = PBXFileReference; fileEncoding = 4; lastKnownFileType = sourcecode.c.objc; name = BVTSurpriseShoppingCartTableViewController.m; path = Classes/BVTSurpriseShoppingCartTableViewController.m; sourceTree = SOURCE_ROOT; };
		643B4DAC1E2CB2C300951303 /* Info.plist */ = {isa = PBXFileReference; fileEncoding = 4; lastKnownFileType = text.plist.xml; path = Info.plist; sourceTree = SOURCE_ROOT; };
		643B4DAD1E2CB2C300951303 /* main.m */ = {isa = PBXFileReference; fileEncoding = 4; lastKnownFileType = sourcecode.c.objc; path = main.m; sourceTree = SOURCE_ROOT; };
		643B4DB81E2CB2F100951303 /* AppDelegate.h */ = {isa = PBXFileReference; fileEncoding = 4; lastKnownFileType = sourcecode.c.h; name = AppDelegate.h; path = Classes/AppDelegate.h; sourceTree = SOURCE_ROOT; };
		643B4DB91E2CB2F100951303 /* AppDelegate.m */ = {isa = PBXFileReference; fileEncoding = 4; lastKnownFileType = sourcecode.c.objc; name = AppDelegate.m; path = Classes/AppDelegate.m; sourceTree = SOURCE_ROOT; };
		644111E61E2D33E000C3ED18 /* MapKit.framework */ = {isa = PBXFileReference; lastKnownFileType = wrapper.framework; name = MapKit.framework; path = System/Library/Frameworks/MapKit.framework; sourceTree = SDKROOT; };
		644111E81E2D345600C3ED18 /* BVTAboutTableViewController.h */ = {isa = PBXFileReference; fileEncoding = 4; lastKnownFileType = sourcecode.c.h; name = BVTAboutTableViewController.h; path = Classes/BVTAboutTableViewController.h; sourceTree = SOURCE_ROOT; };
		644111E91E2D345600C3ED18 /* BVTAboutTableViewController.m */ = {isa = PBXFileReference; fileEncoding = 4; lastKnownFileType = sourcecode.c.objc; name = BVTAboutTableViewController.m; path = Classes/BVTAboutTableViewController.m; sourceTree = SOURCE_ROOT; };
		644111EA1E2D345600C3ED18 /* BVTCategoryTableViewController.h */ = {isa = PBXFileReference; fileEncoding = 4; lastKnownFileType = sourcecode.c.h; name = BVTCategoryTableViewController.h; path = Classes/BVTCategoryTableViewController.h; sourceTree = SOURCE_ROOT; };
		644111EB1E2D345600C3ED18 /* BVTCategoryTableViewController.m */ = {isa = PBXFileReference; fileEncoding = 4; lastKnownFileType = sourcecode.c.objc; name = BVTCategoryTableViewController.m; path = Classes/BVTCategoryTableViewController.m; sourceTree = SOURCE_ROOT; };
		644111EC1E2D345600C3ED18 /* BVTDetailTableViewController.h */ = {isa = PBXFileReference; fileEncoding = 4; lastKnownFileType = sourcecode.c.h; name = BVTDetailTableViewController.h; path = Classes/BVTDetailTableViewController.h; sourceTree = SOURCE_ROOT; };
		644111ED1E2D345600C3ED18 /* BVTDetailTableViewController.m */ = {isa = PBXFileReference; fileEncoding = 4; lastKnownFileType = sourcecode.c.objc; name = BVTDetailTableViewController.m; path = Classes/BVTDetailTableViewController.m; sourceTree = SOURCE_ROOT; };
		644111EE1E2D345600C3ED18 /* BVTExploreCollectionViewCell.h */ = {isa = PBXFileReference; fileEncoding = 4; lastKnownFileType = sourcecode.c.h; name = BVTExploreCollectionViewCell.h; path = Classes/BVTExploreCollectionViewCell.h; sourceTree = SOURCE_ROOT; };
		644111EF1E2D345600C3ED18 /* BVTExploreCollectionViewCell.m */ = {isa = PBXFileReference; fileEncoding = 4; lastKnownFileType = sourcecode.c.objc; name = BVTExploreCollectionViewCell.m; path = Classes/BVTExploreCollectionViewCell.m; sourceTree = SOURCE_ROOT; };
		644111F01E2D345600C3ED18 /* BVTExploreViewController.h */ = {isa = PBXFileReference; fileEncoding = 4; lastKnownFileType = sourcecode.c.h; name = BVTExploreViewController.h; path = Classes/BVTExploreViewController.h; sourceTree = SOURCE_ROOT; };
		644111F11E2D345600C3ED18 /* BVTExploreViewController.m */ = {isa = PBXFileReference; fileEncoding = 4; lastKnownFileType = sourcecode.c.objc; name = BVTExploreViewController.m; path = Classes/BVTExploreViewController.m; sourceTree = SOURCE_ROOT; };
		644111F21E2D345600C3ED18 /* BVTHeaderTitleView.h */ = {isa = PBXFileReference; fileEncoding = 4; lastKnownFileType = sourcecode.c.h; name = BVTHeaderTitleView.h; path = Classes/BVTHeaderTitleView.h; sourceTree = SOURCE_ROOT; };
		644111F31E2D345600C3ED18 /* BVTHeaderTitleView.m */ = {isa = PBXFileReference; fileEncoding = 4; lastKnownFileType = sourcecode.c.objc; name = BVTHeaderTitleView.m; path = Classes/BVTHeaderTitleView.m; sourceTree = SOURCE_ROOT; };
		644111F41E2D345600C3ED18 /* BVTSplitTableViewCell.h */ = {isa = PBXFileReference; fileEncoding = 4; lastKnownFileType = sourcecode.c.h; name = BVTSplitTableViewCell.h; path = Classes/BVTSplitTableViewCell.h; sourceTree = SOURCE_ROOT; };
		644111F51E2D345600C3ED18 /* BVTSplitTableViewCell.m */ = {isa = PBXFileReference; fileEncoding = 4; lastKnownFileType = sourcecode.c.objc; name = BVTSplitTableViewCell.m; path = Classes/BVTSplitTableViewCell.m; sourceTree = SOURCE_ROOT; };
		644111F61E2D345600C3ED18 /* BVTStyles.h */ = {isa = PBXFileReference; fileEncoding = 4; lastKnownFileType = sourcecode.c.h; name = BVTStyles.h; path = Classes/BVTStyles.h; sourceTree = SOURCE_ROOT; };
		644111F71E2D345600C3ED18 /* BVTStyles.m */ = {isa = PBXFileReference; fileEncoding = 4; lastKnownFileType = sourcecode.c.objc; name = BVTStyles.m; path = Classes/BVTStyles.m; sourceTree = SOURCE_ROOT; };
		644111F81E2D345600C3ED18 /* BVTSubCategoryTableViewController.h */ = {isa = PBXFileReference; fileEncoding = 4; lastKnownFileType = sourcecode.c.h; name = BVTSubCategoryTableViewController.h; path = Classes/BVTSubCategoryTableViewController.h; sourceTree = SOURCE_ROOT; };
		644111F91E2D345600C3ED18 /* BVTSubCategoryTableViewController.m */ = {isa = PBXFileReference; fileEncoding = 4; lastKnownFileType = sourcecode.c.objc; name = BVTSubCategoryTableViewController.m; path = Classes/BVTSubCategoryTableViewController.m; sourceTree = SOURCE_ROOT; };
		644111FA1E2D345600C3ED18 /* BVTSurpriseCategoryTableViewController.h */ = {isa = PBXFileReference; fileEncoding = 4; lastKnownFileType = sourcecode.c.h; name = BVTSurpriseCategoryTableViewController.h; path = Classes/BVTSurpriseCategoryTableViewController.h; sourceTree = SOURCE_ROOT; };
		644111FB1E2D345600C3ED18 /* BVTSurpriseCategoryTableViewController.m */ = {isa = PBXFileReference; fileEncoding = 4; lastKnownFileType = sourcecode.c.objc; name = BVTSurpriseCategoryTableViewController.m; path = Classes/BVTSurpriseCategoryTableViewController.m; sourceTree = SOURCE_ROOT; };
		644111FD1E2D345600C3ED18 /* BVTThumbNailTableViewCell.m */ = {isa = PBXFileReference; fileEncoding = 4; lastKnownFileType = sourcecode.c.objc; name = BVTThumbNailTableViewCell.m; path = Classes/BVTThumbNailTableViewCell.m; sourceTree = SOURCE_ROOT; };
		644111FE1E2D345600C3ED18 /* BVTYelpAddressTableViewCell.h */ = {isa = PBXFileReference; fileEncoding = 4; lastKnownFileType = sourcecode.c.h; name = BVTYelpAddressTableViewCell.h; path = Classes/BVTYelpAddressTableViewCell.h; sourceTree = SOURCE_ROOT; };
		644111FF1E2D345600C3ED18 /* BVTYelpAddressTableViewCell.m */ = {isa = PBXFileReference; fileEncoding = 4; lastKnownFileType = sourcecode.c.objc; name = BVTYelpAddressTableViewCell.m; path = Classes/BVTYelpAddressTableViewCell.m; sourceTree = SOURCE_ROOT; };
		644112001E2D345600C3ED18 /* BVTYelpPhoneTableViewCell.h */ = {isa = PBXFileReference; fileEncoding = 4; lastKnownFileType = sourcecode.c.h; name = BVTYelpPhoneTableViewCell.h; path = Classes/BVTYelpPhoneTableViewCell.h; sourceTree = SOURCE_ROOT; };
		644112011E2D345600C3ED18 /* BVTYelpPhoneTableViewCell.m */ = {isa = PBXFileReference; fileEncoding = 4; lastKnownFileType = sourcecode.c.objc; name = BVTYelpPhoneTableViewCell.m; path = Classes/BVTYelpPhoneTableViewCell.m; sourceTree = SOURCE_ROOT; };
		644112021E2D345600C3ED18 /* BVTYelpMapTableViewCell.h */ = {isa = PBXFileReference; fileEncoding = 4; lastKnownFileType = sourcecode.c.h; name = BVTYelpMapTableViewCell.h; path = Classes/BVTYelpMapTableViewCell.h; sourceTree = SOURCE_ROOT; };
		644112031E2D345600C3ED18 /* BVTYelpMapTableViewCell.m */ = {isa = PBXFileReference; fileEncoding = 4; lastKnownFileType = sourcecode.c.objc; name = BVTYelpMapTableViewCell.m; path = Classes/BVTYelpMapTableViewCell.m; sourceTree = SOURCE_ROOT; };
		644112061E2D345600C3ED18 /* BVTYelpRatingTableViewCell.h */ = {isa = PBXFileReference; fileEncoding = 4; lastKnownFileType = sourcecode.c.h; name = BVTYelpRatingTableViewCell.h; path = Classes/BVTYelpRatingTableViewCell.h; sourceTree = SOURCE_ROOT; };
		644112071E2D345600C3ED18 /* BVTYelpRatingTableViewCell.m */ = {isa = PBXFileReference; fileEncoding = 4; lastKnownFileType = sourcecode.c.objc; name = BVTYelpRatingTableViewCell.m; path = Classes/BVTYelpRatingTableViewCell.m; sourceTree = SOURCE_ROOT; };
		644112081E2D345600C3ED18 /* BVTPageContentViewController.h */ = {isa = PBXFileReference; fileEncoding = 4; lastKnownFileType = sourcecode.c.h; name = BVTPageContentViewController.h; path = Classes/BVTPageContentViewController.h; sourceTree = SOURCE_ROOT; };
		644112091E2D345600C3ED18 /* BVTPageContentViewController.m */ = {isa = PBXFileReference; fileEncoding = 4; lastKnownFileType = sourcecode.c.objc; name = BVTPageContentViewController.m; path = Classes/BVTPageContentViewController.m; sourceTree = SOURCE_ROOT; };
		6441120A1E2D345600C3ED18 /* BVTPageRootViewController.h */ = {isa = PBXFileReference; fileEncoding = 4; lastKnownFileType = sourcecode.c.h; name = BVTPageRootViewController.h; path = Classes/BVTPageRootViewController.h; sourceTree = SOURCE_ROOT; };
		6441120B1E2D345600C3ED18 /* BVTPageRootViewController.m */ = {isa = PBXFileReference; fileEncoding = 4; lastKnownFileType = sourcecode.c.objc; name = BVTPageRootViewController.m; path = Classes/BVTPageRootViewController.m; sourceTree = SOURCE_ROOT; };
		647314A51EB5A23A009C0EA5 /* BVTYelpReviewsTableViewCell.xib */ = {isa = PBXFileReference; fileEncoding = 4; lastKnownFileType = file.xib; name = BVTYelpReviewsTableViewCell.xib; path = Classes/BVTYelpReviewsTableViewCell.xib; sourceTree = "<group>"; };
		647362591EB2F34700C3DA25 /* CoreLocation.framework */ = {isa = PBXFileReference; lastKnownFileType = wrapper.framework; name = CoreLocation.framework; path = System/Library/Frameworks/CoreLocation.framework; sourceTree = SDKROOT; };
		648166AD1E5657B400071628 /* BVTYelpReviewsTableViewCell.h */ = {isa = PBXFileReference; fileEncoding = 4; lastKnownFileType = sourcecode.c.h; name = BVTYelpReviewsTableViewCell.h; path = /Users/gomez/Developer/bvt/Classes/BVTYelpReviewsTableViewCell.h; sourceTree = "<absolute>"; };
		648166AE1E5657B400071628 /* BVTYelpReviewsTableViewCell.m */ = {isa = PBXFileReference; fileEncoding = 4; lastKnownFileType = sourcecode.c.objc; name = BVTYelpReviewsTableViewCell.m; path = /Users/gomez/Developer/bvt/Classes/BVTYelpReviewsTableViewCell.m; sourceTree = "<absolute>"; };
		64908A731E494E2E00BC6884 /* BVTThumbNailTableViewCell.h */ = {isa = PBXFileReference; lastKnownFileType = sourcecode.c.h; name = BVTThumbNailTableViewCell.h; path = Classes/BVTThumbNailTableViewCell.h; sourceTree = SOURCE_ROOT; };
		64908A791E494E6100BC6884 /* BVTYelpCategoryTableViewCell.h */ = {isa = PBXFileReference; fileEncoding = 4; lastKnownFileType = sourcecode.c.h; name = BVTYelpCategoryTableViewCell.h; path = Classes/BVTYelpCategoryTableViewCell.h; sourceTree = SOURCE_ROOT; };
		64908A7A1E494E6100BC6884 /* BVTYelpCategoryTableViewCell.m */ = {isa = PBXFileReference; fileEncoding = 4; lastKnownFileType = sourcecode.c.objc; name = BVTYelpCategoryTableViewCell.m; path = Classes/BVTYelpCategoryTableViewCell.m; sourceTree = SOURCE_ROOT; };
		64934CA41E306AC500386B5B /* Assets.xcassets */ = {isa = PBXFileReference; lastKnownFileType = folder.assetcatalog; name = Assets.xcassets; path = Classes/Assets.xcassets; sourceTree = "<group>"; };
		64934CA71E306AD900386B5B /* Base */ = {isa = PBXFileReference; lastKnownFileType = file.storyboard; name = Base; path = Classes/Base.lproj/LaunchScreen.storyboard; sourceTree = "<group>"; };
		64934CA91E306AD900386B5B /* Base */ = {isa = PBXFileReference; lastKnownFileType = file.storyboard; name = Base; path = Classes/Base.lproj/Main.storyboard; sourceTree = "<group>"; };
		64934CB11E306B7000386B5B /* BVTExploreCollectionViewCell.xib */ = {isa = PBXFileReference; fileEncoding = 4; lastKnownFileType = file.xib; name = BVTExploreCollectionViewCell.xib; path = Classes/BVTExploreCollectionViewCell.xib; sourceTree = "<group>"; };
		64934CB71E306BA100386B5B /* BVTSplitTableViewCell.xib */ = {isa = PBXFileReference; fileEncoding = 4; lastKnownFileType = file.xib; name = BVTSplitTableViewCell.xib; path = Classes/BVTSplitTableViewCell.xib; sourceTree = "<group>"; };
		64934CB91E306BA800386B5B /* BVTThumbNailTableViewCell.xib */ = {isa = PBXFileReference; fileEncoding = 4; lastKnownFileType = file.xib; name = BVTThumbNailTableViewCell.xib; path = Classes/BVTThumbNailTableViewCell.xib; sourceTree = "<group>"; };
		64934CBB1E306BB500386B5B /* BVTYelpAddressTableViewCell.xib */ = {isa = PBXFileReference; fileEncoding = 4; lastKnownFileType = file.xib; name = BVTYelpAddressTableViewCell.xib; path = Classes/BVTYelpAddressTableViewCell.xib; sourceTree = "<group>"; };
		64934CBD1E306BC700386B5B /* BVTYelpPhoneTableViewCell.xib */ = {isa = PBXFileReference; fileEncoding = 4; lastKnownFileType = file.xib; name = BVTYelpPhoneTableViewCell.xib; path = Classes/BVTYelpPhoneTableViewCell.xib; sourceTree = "<group>"; };
		64934CBF1E306BCE00386B5B /* BVTYelpMapTableViewCell.xib */ = {isa = PBXFileReference; fileEncoding = 4; lastKnownFileType = file.xib; name = BVTYelpMapTableViewCell.xib; path = Classes/BVTYelpMapTableViewCell.xib; sourceTree = "<group>"; };
		64934CC11E306BD300386B5B /* BVTYelpRatingTableViewCell.xib */ = {isa = PBXFileReference; fileEncoding = 4; lastKnownFileType = file.xib; name = BVTYelpRatingTableViewCell.xib; path = Classes/BVTYelpRatingTableViewCell.xib; sourceTree = "<group>"; };
		64934CC31E306C1E00386B5B /* BVTHeaderTitleView.xib */ = {isa = PBXFileReference; lastKnownFileType = file.xib; name = BVTHeaderTitleView.xib; path = Classes/BVTHeaderTitleView.xib; sourceTree = "<group>"; };
		649B84571EE0F92E00C3D6CD /* BVTAboutTableViewCell.m */ = {isa = PBXFileReference; fileEncoding = 4; lastKnownFileType = sourcecode.c.objc; name = BVTAboutTableViewCell.m; path = Classes/BVTAboutTableViewCell.m; sourceTree = SOURCE_ROOT; };
		64A3386A1EA6F48E0061CA83 /* BVTTableViewSectionHeaderView.h */ = {isa = PBXFileReference; fileEncoding = 4; lastKnownFileType = sourcecode.c.h; name = BVTTableViewSectionHeaderView.h; path = Classes/BVTTableViewSectionHeaderView.h; sourceTree = SOURCE_ROOT; };
		64A3386B1EA6F48E0061CA83 /* BVTTableViewSectionHeaderView.m */ = {isa = PBXFileReference; fileEncoding = 4; lastKnownFileType = sourcecode.c.objc; name = BVTTableViewSectionHeaderView.m; path = Classes/BVTTableViewSectionHeaderView.m; sourceTree = SOURCE_ROOT; };
		64A3386F1EA7067F0061CA83 /* BVTHUDView.h */ = {isa = PBXFileReference; fileEncoding = 4; lastKnownFileType = sourcecode.c.h; name = BVTHUDView.h; path = Classes/BVTHUDView.h; sourceTree = SOURCE_ROOT; };
		64A338701EA7067F0061CA83 /* BVTHUDView.m */ = {isa = PBXFileReference; fileEncoding = 4; lastKnownFileType = sourcecode.c.objc; name = BVTHUDView.m; path = Classes/BVTHUDView.m; sourceTree = SOURCE_ROOT; };
		64A481061EC94E6800A80600 /* BVTTabBarController.h */ = {isa = PBXFileReference; fileEncoding = 4; lastKnownFileType = sourcecode.c.h; name = BVTTabBarController.h; path = Classes/BVTTabBarController.h; sourceTree = SOURCE_ROOT; };
		64A481071EC94E6800A80600 /* BVTTabBarController.m */ = {isa = PBXFileReference; fileEncoding = 4; lastKnownFileType = sourcecode.c.objc; name = BVTTabBarController.m; path = Classes/BVTTabBarController.m; sourceTree = SOURCE_ROOT; };
		64AC0DE81EE3A5BD0061733A /* BVTDisclaimerViewController.h */ = {isa = PBXFileReference; fileEncoding = 4; lastKnownFileType = sourcecode.c.h; name = BVTDisclaimerViewController.h; path = /Users/gomez/Developer/bvt/Classes/BVTDisclaimerViewController.h; sourceTree = "<absolute>"; };
		64AC0DE91EE3A5BD0061733A /* BVTDisclaimerViewController.m */ = {isa = PBXFileReference; fileEncoding = 4; lastKnownFileType = sourcecode.c.objc; name = BVTDisclaimerViewController.m; path = /Users/gomez/Developer/bvt/Classes/BVTDisclaimerViewController.m; sourceTree = "<absolute>"; };
		64AED0AC1EDA6EDC004627D9 /* BVTSearchTableViewController.h */ = {isa = PBXFileReference; fileEncoding = 4; lastKnownFileType = sourcecode.c.h; name = BVTSearchTableViewController.h; path = Classes/BVTSearchTableViewController.h; sourceTree = SOURCE_ROOT; };
		64AED0AD1EDA6EDC004627D9 /* BVTSearchTableViewController.m */ = {isa = PBXFileReference; fileEncoding = 4; lastKnownFileType = sourcecode.c.objc; name = BVTSearchTableViewController.m; path = Classes/BVTSearchTableViewController.m; sourceTree = SOURCE_ROOT; };
		64B990CC1E99D45C0002EE4E /* BVTSurpriseRecommendationsTableViewController.h */ = {isa = PBXFileReference; fileEncoding = 4; lastKnownFileType = sourcecode.c.h; name = BVTSurpriseRecommendationsTableViewController.h; path = /Users/gomez/Developer/bvt/Classes/BVTSurpriseRecommendationsTableViewController.h; sourceTree = "<absolute>"; };
		64B990CD1E99D45C0002EE4E /* BVTSurpriseRecommendationsTableViewController.m */ = {isa = PBXFileReference; fileEncoding = 4; lastKnownFileType = sourcecode.c.objc; name = BVTSurpriseRecommendationsTableViewController.m; path = Classes/BVTSurpriseRecommendationsTableViewController.m; sourceTree = SOURCE_ROOT; };
		64C6DD1E1EE0F6C300C8132F /* BVTAboutTableViewCell.h */ = {isa = PBXFileReference; fileEncoding = 4; lastKnownFileType = sourcecode.c.h; name = BVTAboutTableViewCell.h; path = Classes/BVTAboutTableViewCell.h; sourceTree = SOURCE_ROOT; };
		64C6DD201EE0F6C300C8132F /* BVTAboutTableViewCell.xib */ = {isa = PBXFileReference; fileEncoding = 4; lastKnownFileType = file.xib; name = BVTAboutTableViewCell.xib; path = Classes/BVTAboutTableViewCell.xib; sourceTree = "<group>"; };
		64C743E71EF4CA92001CA4EB /* BVTCache.h */ = {isa = PBXFileReference; fileEncoding = 4; lastKnownFileType = sourcecode.c.h; name = BVTCache.h; path = Classes/BVTCache.h; sourceTree = SOURCE_ROOT; };
		64C743E81EF4CA92001CA4EB /* BVTCache.m */ = {isa = PBXFileReference; fileEncoding = 4; lastKnownFileType = sourcecode.c.objc; name = BVTCache.m; path = Classes/BVTCache.m; sourceTree = SOURCE_ROOT; };
		64C88B4C1E5545CF00ECA06B /* BVTPresentationTableViewController.h */ = {isa = PBXFileReference; fileEncoding = 4; lastKnownFileType = sourcecode.c.h; name = BVTPresentationTableViewController.h; path = Classes/BVTPresentationTableViewController.h; sourceTree = SOURCE_ROOT; };
		64C88B4D1E5545CF00ECA06B /* BVTPresentationTableViewController.m */ = {isa = PBXFileReference; fileEncoding = 4; lastKnownFileType = sourcecode.c.objc; name = BVTPresentationTableViewController.m; path = Classes/BVTPresentationTableViewController.m; sourceTree = SOURCE_ROOT; };
		64C88B5A1E55498100ECA06B /* BVTYelpPhotoTableViewCell.xib */ = {isa = PBXFileReference; fileEncoding = 4; lastKnownFileType = file.xib; name = BVTYelpPhotoTableViewCell.xib; path = Classes/BVTYelpPhotoTableViewCell.xib; sourceTree = "<group>"; };
		64C88B5C1E55499800ECA06B /* BVTYelpPhotoTableViewCell.h */ = {isa = PBXFileReference; fileEncoding = 4; lastKnownFileType = sourcecode.c.h; name = BVTYelpPhotoTableViewCell.h; path = /Users/gomez/Developer/bvt/Classes/BVTYelpPhotoTableViewCell.h; sourceTree = "<absolute>"; };
		64C88B5D1E55499800ECA06B /* BVTYelpPhotoTableViewCell.m */ = {isa = PBXFileReference; fileEncoding = 4; lastKnownFileType = sourcecode.c.objc; name = BVTYelpPhotoTableViewCell.m; path = /Users/gomez/Developer/bvt/Classes/BVTYelpPhotoTableViewCell.m; sourceTree = "<absolute>"; };
		64E905EB1E49704000331C3F /* BVTYelpHoursTableViewCell.h */ = {isa = PBXFileReference; fileEncoding = 4; lastKnownFileType = sourcecode.c.h; name = BVTYelpHoursTableViewCell.h; path = Classes/BVTYelpHoursTableViewCell.h; sourceTree = SOURCE_ROOT; };
		64E905EC1E49704000331C3F /* BVTYelpHoursTableViewCell.m */ = {isa = PBXFileReference; fileEncoding = 4; lastKnownFileType = sourcecode.c.objc; name = BVTYelpHoursTableViewCell.m; path = Classes/BVTYelpHoursTableViewCell.m; sourceTree = SOURCE_ROOT; };
		64E905ED1E49704000331C3F /* BVTYelpHoursTableViewCell.xib */ = {isa = PBXFileReference; fileEncoding = 4; lastKnownFileType = file.xib; name = BVTYelpHoursTableViewCell.xib; path = Classes/BVTYelpHoursTableViewCell.xib; sourceTree = "<group>"; };
		64E905F21E4970BC00331C3F /* BVTYelpCategoryTableViewCell.xib */ = {isa = PBXFileReference; fileEncoding = 4; lastKnownFileType = file.xib; name = BVTYelpCategoryTableViewCell.xib; path = Classes/BVTYelpCategoryTableViewCell.xib; sourceTree = "<group>"; };
		64F41D5F1E2C497F0053EBE2 /* Burlingtonian.app */ = {isa = PBXFileReference; explicitFileType = wrapper.application; includeInIndex = 0; path = Burlingtonian.app; sourceTree = BUILT_PRODUCTS_DIR; };
		812CD2D8F0E4D852D7328DA4 /* Pods-bvt.debug.xcconfig */ = {isa = PBXFileReference; includeInIndex = 1; lastKnownFileType = text.xcconfig; name = "Pods-bvt.debug.xcconfig"; path = "Pods/Target Support Files/Pods-bvt/Pods-bvt.debug.xcconfig"; sourceTree = "<group>"; };
		A13E28BFC52912BF5475C256 /* Pods-bvt.release.xcconfig */ = {isa = PBXFileReference; includeInIndex = 1; lastKnownFileType = text.xcconfig; name = "Pods-bvt.release.xcconfig"; path = "Pods/Target Support Files/Pods-bvt/Pods-bvt.release.xcconfig"; sourceTree = "<group>"; };
/* End PBXFileReference section */

/* Begin PBXFrameworksBuildPhase section */
		64F41D5C1E2C497F0053EBE2 /* Frameworks */ = {
			isa = PBXFrameworksBuildPhase;
			buildActionMask = 2147483647;
			files = (
				6473625A1EB2F34700C3DA25 /* CoreLocation.framework in Frameworks */,
				644111E71E2D33E000C3ED18 /* MapKit.framework in Frameworks */,
				CF386C2C86B09043D41680B2 /* libPods-bvt.a in Frameworks */,
			);
			runOnlyForDeploymentPostprocessing = 0;
		};
/* End PBXFrameworksBuildPhase section */

/* Begin PBXGroup section */
		64934CB01E306B5D00386B5B /* Resources */ = {
			isa = PBXGroup;
			children = (
				64934CA41E306AC500386B5B /* Assets.xcassets */,
				64934CA81E306AD900386B5B /* Main.storyboard */,
				64934CA61E306AD900386B5B /* LaunchScreen.storyboard */,
				64934CC31E306C1E00386B5B /* BVTHeaderTitleView.xib */,
				64C6DD201EE0F6C300C8132F /* BVTAboutTableViewCell.xib */,
				64E905F21E4970BC00331C3F /* BVTYelpCategoryTableViewCell.xib */,
				64E905ED1E49704000331C3F /* BVTYelpHoursTableViewCell.xib */,
				647314A51EB5A23A009C0EA5 /* BVTYelpReviewsTableViewCell.xib */,
				64934CB11E306B7000386B5B /* BVTExploreCollectionViewCell.xib */,
				64934CB71E306BA100386B5B /* BVTSplitTableViewCell.xib */,
				64934CB91E306BA800386B5B /* BVTThumbNailTableViewCell.xib */,
				64934CBB1E306BB500386B5B /* BVTYelpAddressTableViewCell.xib */,
				64934CBD1E306BC700386B5B /* BVTYelpPhoneTableViewCell.xib */,
				64934CBF1E306BCE00386B5B /* BVTYelpMapTableViewCell.xib */,
				64934CC11E306BD300386B5B /* BVTYelpRatingTableViewCell.xib */,
				64C88B5A1E55498100ECA06B /* BVTYelpPhotoTableViewCell.xib */,
			);
			name = Resources;
			sourceTree = "<group>";
		};
		64B3E4711EB453ED0088B9AF /* Cell Classes */ = {
			isa = PBXGroup;
			children = (
			);
			name = "Cell Classes";
			sourceTree = "<group>";
		};
		64B4468D1E3049B700327C26 /* About */ = {
			isa = PBXGroup;
			children = (
				644111E81E2D345600C3ED18 /* BVTAboutTableViewController.h */,
				644111E91E2D345600C3ED18 /* BVTAboutTableViewController.m */,
				64C6DD1E1EE0F6C300C8132F /* BVTAboutTableViewCell.h */,
				649B84571EE0F92E00C3D6CD /* BVTAboutTableViewCell.m */,
				64AC0DE81EE3A5BD0061733A /* BVTDisclaimerViewController.h */,
				64AC0DE91EE3A5BD0061733A /* BVTDisclaimerViewController.m */,
			);
			name = About;
			path = ..;
			sourceTree = "<group>";
		};
		64B4468E1E3049BD00327C26 /* Explore */ = {
			isa = PBXGroup;
			children = (
				64B446951E304C2E00327C26 /* Cell Classes */,
				64B446971E304C8400327C26 /* Controller Classes */,
			);
			name = Explore;
			path = ..;
			sourceTree = "<group>";
		};
		64B4468F1E3049C500327C26 /* Surprise */ = {
			isa = PBXGroup;
			children = (
				64B3E4711EB453ED0088B9AF /* Cell Classes */,
				644111FA1E2D345600C3ED18 /* BVTSurpriseCategoryTableViewController.h */,
				644111FB1E2D345600C3ED18 /* BVTSurpriseCategoryTableViewController.m */,
				642362101E5FCD4900073B68 /* BVTSurpriseSubCategoryTableViewController.h */,
				642362111E5FCD4900073B68 /* BVTSurpriseSubCategoryTableViewController.m */,
				642362161E5FDA8400073B68 /* BVTSurpriseShoppingCartTableViewController.h */,
				642362171E5FDA8400073B68 /* BVTSurpriseShoppingCartTableViewController.m */,
				64B990CC1E99D45C0002EE4E /* BVTSurpriseRecommendationsTableViewController.h */,
				64B990CD1E99D45C0002EE4E /* BVTSurpriseRecommendationsTableViewController.m */,
			);
			name = Surprise;
			path = ..;
			sourceTree = "<group>";
		};
		64B446951E304C2E00327C26 /* Cell Classes */ = {
			isa = PBXGroup;
			children = (
				64908A731E494E2E00BC6884 /* BVTThumbNailTableViewCell.h */,
				644111FD1E2D345600C3ED18 /* BVTThumbNailTableViewCell.m */,
				64E905EB1E49704000331C3F /* BVTYelpHoursTableViewCell.h */,
				64E905EC1E49704000331C3F /* BVTYelpHoursTableViewCell.m */,
				64908A791E494E6100BC6884 /* BVTYelpCategoryTableViewCell.h */,
				64908A7A1E494E6100BC6884 /* BVTYelpCategoryTableViewCell.m */,
				644111FE1E2D345600C3ED18 /* BVTYelpAddressTableViewCell.h */,
				644111FF1E2D345600C3ED18 /* BVTYelpAddressTableViewCell.m */,
				644112001E2D345600C3ED18 /* BVTYelpPhoneTableViewCell.h */,
				644112011E2D345600C3ED18 /* BVTYelpPhoneTableViewCell.m */,
				644112021E2D345600C3ED18 /* BVTYelpMapTableViewCell.h */,
				644112031E2D345600C3ED18 /* BVTYelpMapTableViewCell.m */,
				644112061E2D345600C3ED18 /* BVTYelpRatingTableViewCell.h */,
				644112071E2D345600C3ED18 /* BVTYelpRatingTableViewCell.m */,
				644111F41E2D345600C3ED18 /* BVTSplitTableViewCell.h */,
				644111F51E2D345600C3ED18 /* BVTSplitTableViewCell.m */,
				644111EE1E2D345600C3ED18 /* BVTExploreCollectionViewCell.h */,
				644111EF1E2D345600C3ED18 /* BVTExploreCollectionViewCell.m */,
				64C88B5C1E55499800ECA06B /* BVTYelpPhotoTableViewCell.h */,
				64C88B5D1E55499800ECA06B /* BVTYelpPhotoTableViewCell.m */,
				648166AD1E5657B400071628 /* BVTYelpReviewsTableViewCell.h */,
				648166AE1E5657B400071628 /* BVTYelpReviewsTableViewCell.m */,
			);
			name = "Cell Classes";
			sourceTree = "<group>";
		};
		64B446971E304C8400327C26 /* Controller Classes */ = {
			isa = PBXGroup;
			children = (
				64AED0AC1EDA6EDC004627D9 /* BVTSearchTableViewController.h */,
				64AED0AD1EDA6EDC004627D9 /* BVTSearchTableViewController.m */,
				644111F01E2D345600C3ED18 /* BVTExploreViewController.h */,
				644111F11E2D345600C3ED18 /* BVTExploreViewController.m */,
				644111EA1E2D345600C3ED18 /* BVTCategoryTableViewController.h */,
				644111EB1E2D345600C3ED18 /* BVTCategoryTableViewController.m */,
				644111F81E2D345600C3ED18 /* BVTSubCategoryTableViewController.h */,
				644111F91E2D345600C3ED18 /* BVTSubCategoryTableViewController.m */,
				644111EC1E2D345600C3ED18 /* BVTDetailTableViewController.h */,
				644111ED1E2D345600C3ED18 /* BVTDetailTableViewController.m */,
			);
			name = "Controller Classes";
			sourceTree = "<group>";
		};
		64B446981E304CB200327C26 /* Header */ = {
			isa = PBXGroup;
			children = (
				644111F21E2D345600C3ED18 /* BVTHeaderTitleView.h */,
				644111F31E2D345600C3ED18 /* BVTHeaderTitleView.m */,
				64A3386A1EA6F48E0061CA83 /* BVTTableViewSectionHeaderView.h */,
				64A3386B1EA6F48E0061CA83 /* BVTTableViewSectionHeaderView.m */,
			);
			name = Header;
			sourceTree = "<group>";
		};
		64C88B4B1E55418E00ECA06B /* Categories */ = {
			isa = PBXGroup;
			children = (
				644111F61E2D345600C3ED18 /* BVTStyles.h */,
				644111F71E2D345600C3ED18 /* BVTStyles.m */,
			);
			name = Categories;
			sourceTree = "<group>";
		};
		64CF50E91E2D4E39004856DB /* Tutorial */ = {
			isa = PBXGroup;
			children = (
				644112081E2D345600C3ED18 /* BVTPageContentViewController.h */,
				644112091E2D345600C3ED18 /* BVTPageContentViewController.m */,
				6441120A1E2D345600C3ED18 /* BVTPageRootViewController.h */,
				6441120B1E2D345600C3ED18 /* BVTPageRootViewController.m */,
			);
			name = Tutorial;
			sourceTree = "<group>";
		};
		64F41D561E2C497F0053EBE2 = {
			isa = PBXGroup;
			children = (
				64F41D611E2C497F0053EBE2 /* Classes */,
				64934CB01E306B5D00386B5B /* Resources */,
				81DC3A0A017F6247E73F74F1 /* Frameworks */,
				64F41D621E2C497F0053EBE2 /* Supporting Files */,
				64F41D601E2C497F0053EBE2 /* Products */,
				D78ABA542C27A54E9B11D3A9 /* Pods */,
			);
			sourceTree = "<group>";
		};
		64F41D601E2C497F0053EBE2 /* Products */ = {
			isa = PBXGroup;
			children = (
				64F41D5F1E2C497F0053EBE2 /* Burlingtonian.app */,
			);
			name = Products;
			sourceTree = "<group>";
		};
		64F41D611E2C497F0053EBE2 /* Classes */ = {
			isa = PBXGroup;
			children = (
				64C743E71EF4CA92001CA4EB /* BVTCache.h */,
				64C743E81EF4CA92001CA4EB /* BVTCache.m */,
				64C88B4C1E5545CF00ECA06B /* BVTPresentationTableViewController.h */,
				64C88B4D1E5545CF00ECA06B /* BVTPresentationTableViewController.m */,
				64A481061EC94E6800A80600 /* BVTTabBarController.h */,
				64A481071EC94E6800A80600 /* BVTTabBarController.m */,
				64A3386F1EA7067F0061CA83 /* BVTHUDView.h */,
				64A338701EA7067F0061CA83 /* BVTHUDView.m */,
				64C88B4B1E55418E00ECA06B /* Categories */,
				64CF50E91E2D4E39004856DB /* Tutorial */,
				64B446981E304CB200327C26 /* Header */,
				64B4468E1E3049BD00327C26 /* Explore */,
				64B4468D1E3049B700327C26 /* About */,
				64B4468F1E3049C500327C26 /* Surprise */,
			);
			name = Classes;
			path = bvt;
			sourceTree = "<group>";
		};
		64F41D621E2C497F0053EBE2 /* Supporting Files */ = {
			isa = PBXGroup;
			children = (
				643B4DAC1E2CB2C300951303 /* Info.plist */,
				643B4DAD1E2CB2C300951303 /* main.m */,
				643B4DB81E2CB2F100951303 /* AppDelegate.h */,
				643B4DB91E2CB2F100951303 /* AppDelegate.m */,
			);
			name = "Supporting Files";
			path = bvt;
			sourceTree = "<group>";
		};
		81DC3A0A017F6247E73F74F1 /* Frameworks */ = {
			isa = PBXGroup;
			children = (
				647362591EB2F34700C3DA25 /* CoreLocation.framework */,
				644111E61E2D33E000C3ED18 /* MapKit.framework */,
				640179011E2C4BB900BBA8D2 /* YelpAPI.framework */,
				640178FF1E2C4BAF00BBA8D2 /* libYelpAPI.a */,
				590D4A53A998579B76DD8514 /* libPods-bvt.a */,
			);
			name = Frameworks;
			sourceTree = "<group>";
		};
		D78ABA542C27A54E9B11D3A9 /* Pods */ = {
			isa = PBXGroup;
			children = (
				812CD2D8F0E4D852D7328DA4 /* Pods-bvt.debug.xcconfig */,
				A13E28BFC52912BF5475C256 /* Pods-bvt.release.xcconfig */,
			);
			name = Pods;
			sourceTree = "<group>";
		};
/* End PBXGroup section */

/* Begin PBXNativeTarget section */
		64F41D5E1E2C497F0053EBE2 /* bvt */ = {
			isa = PBXNativeTarget;
			buildConfigurationList = 64F41D791E2C497F0053EBE2 /* Build configuration list for PBXNativeTarget "bvt" */;
			buildPhases = (
				4271AA253243E143826615D8 /* [CP] Check Pods Manifest.lock */,
				64F41D5B1E2C497F0053EBE2 /* Sources */,
				64F41D5C1E2C497F0053EBE2 /* Frameworks */,
				64F41D5D1E2C497F0053EBE2 /* Resources */,
				11E936364EB0E267D2462762 /* [CP] Embed Pods Frameworks */,
				EB32BFEBA4D806AA7EE9815D /* [CP] Copy Pods Resources */,
				640178FE1E2C4B9B00BBA8D2 /* Embed Frameworks */,
			);
			buildRules = (
			);
			dependencies = (
			);
			name = bvt;
			productName = bvt;
			productReference = 64F41D5F1E2C497F0053EBE2 /* Burlingtonian.app */;
			productType = "com.apple.product-type.application";
		};
/* End PBXNativeTarget section */

/* Begin PBXProject section */
		64F41D571E2C497F0053EBE2 /* Project object */ = {
			isa = PBXProject;
			attributes = {
				LastUpgradeCheck = 0820;
				ORGANIZATIONNAME = gms;
				TargetAttributes = {
					64F41D5E1E2C497F0053EBE2 = {
						CreatedOnToolsVersion = 8.2.1;
						DevelopmentTeam = 58K3LSSQL5;
						ProvisioningStyle = Automatic;
					};
				};
			};
			buildConfigurationList = 64F41D5A1E2C497F0053EBE2 /* Build configuration list for PBXProject "bvt" */;
			compatibilityVersion = "Xcode 3.2";
			developmentRegion = English;
			hasScannedForEncodings = 0;
			knownRegions = (
				en,
				Base,
			);
			mainGroup = 64F41D561E2C497F0053EBE2;
			productRefGroup = 64F41D601E2C497F0053EBE2 /* Products */;
			projectDirPath = "";
			projectRoot = "";
			targets = (
				64F41D5E1E2C497F0053EBE2 /* bvt */,
			);
		};
/* End PBXProject section */

/* Begin PBXResourcesBuildPhase section */
		64F41D5D1E2C497F0053EBE2 /* Resources */ = {
			isa = PBXResourcesBuildPhase;
			buildActionMask = 2147483647;
			files = (
				64934CAA1E306AD900386B5B /* LaunchScreen.storyboard in Resources */,
				64E905EF1E49704000331C3F /* BVTYelpHoursTableViewCell.xib in Resources */,
				64934CAB1E306AD900386B5B /* Main.storyboard in Resources */,
				64934CA51E306AC500386B5B /* Assets.xcassets in Resources */,
				64C6DD221EE0F6C300C8132F /* BVTAboutTableViewCell.xib in Resources */,
				64934CC41E306C1E00386B5B /* BVTHeaderTitleView.xib in Resources */,
				64C88B5B1E55498100ECA06B /* BVTYelpPhotoTableViewCell.xib in Resources */,
				64934CBA1E306BA800386B5B /* BVTThumbNailTableViewCell.xib in Resources */,
				64934CB81E306BA100386B5B /* BVTSplitTableViewCell.xib in Resources */,
				64934CC21E306BD300386B5B /* BVTYelpRatingTableViewCell.xib in Resources */,
				64934CBE1E306BC700386B5B /* BVTYelpPhoneTableViewCell.xib in Resources */,
				64934CC01E306BCE00386B5B /* BVTYelpMapTableViewCell.xib in Resources */,
				64E905F31E4970BC00331C3F /* BVTYelpCategoryTableViewCell.xib in Resources */,
				64934CBC1E306BB500386B5B /* BVTYelpAddressTableViewCell.xib in Resources */,
				647314A61EB5A23A009C0EA5 /* BVTYelpReviewsTableViewCell.xib in Resources */,
				64934CB21E306B7000386B5B /* BVTExploreCollectionViewCell.xib in Resources */,
			);
			runOnlyForDeploymentPostprocessing = 0;
		};
/* End PBXResourcesBuildPhase section */

/* Begin PBXShellScriptBuildPhase section */
		11E936364EB0E267D2462762 /* [CP] Embed Pods Frameworks */ = {
			isa = PBXShellScriptBuildPhase;
			buildActionMask = 2147483647;
			files = (
			);
			inputPaths = (
			);
			name = "[CP] Embed Pods Frameworks";
			outputPaths = (
			);
			runOnlyForDeploymentPostprocessing = 0;
			shellPath = /bin/sh;
			shellScript = "\"${SRCROOT}/Pods/Target Support Files/Pods-bvt/Pods-bvt-frameworks.sh\"\n";
			showEnvVarsInLog = 0;
		};
		4271AA253243E143826615D8 /* [CP] Check Pods Manifest.lock */ = {
			isa = PBXShellScriptBuildPhase;
			buildActionMask = 2147483647;
			files = (
			);
			inputPaths = (
			);
			name = "[CP] Check Pods Manifest.lock";
			outputPaths = (
			);
			runOnlyForDeploymentPostprocessing = 0;
			shellPath = /bin/sh;
			shellScript = "diff \"${PODS_ROOT}/../Podfile.lock\" \"${PODS_ROOT}/Manifest.lock\" > /dev/null\nif [ $? != 0 ] ; then\n    # print error to STDERR\n    echo \"error: The sandbox is not in sync with the Podfile.lock. Run 'pod install' or update your CocoaPods installation.\" >&2\n    exit 1\nfi\n";
			showEnvVarsInLog = 0;
		};
		EB32BFEBA4D806AA7EE9815D /* [CP] Copy Pods Resources */ = {
			isa = PBXShellScriptBuildPhase;
			buildActionMask = 2147483647;
			files = (
			);
			inputPaths = (
			);
			name = "[CP] Copy Pods Resources";
			outputPaths = (
			);
			runOnlyForDeploymentPostprocessing = 0;
			shellPath = /bin/sh;
			shellScript = "\"${SRCROOT}/Pods/Target Support Files/Pods-bvt/Pods-bvt-resources.sh\"\n";
			showEnvVarsInLog = 0;
		};
/* End PBXShellScriptBuildPhase section */

/* Begin PBXSourcesBuildPhase section */
		64F41D5B1E2C497F0053EBE2 /* Sources */ = {
			isa = PBXSourcesBuildPhase;
			buildActionMask = 2147483647;
			files = (
				64AC0DEB1EE3A6070061733A /* BVTDisclaimerViewController.m in Sources */,
				6441120D1E2D345600C3ED18 /* BVTCategoryTableViewController.m in Sources */,
				6441121C1E2D345600C3ED18 /* BVTPageContentViewController.m in Sources */,
				64AED0AE1EDA6EDC004627D9 /* BVTSearchTableViewController.m in Sources */,
				644112111E2D345600C3ED18 /* BVTHeaderTitleView.m in Sources */,
				644112181E2D345600C3ED18 /* BVTYelpPhoneTableViewCell.m in Sources */,
				644112131E2D345600C3ED18 /* BVTStyles.m in Sources */,
				644112101E2D345600C3ED18 /* BVTExploreViewController.m in Sources */,
				642362181E5FDA8400073B68 /* BVTSurpriseShoppingCartTableViewController.m in Sources */,
				6441120E1E2D345600C3ED18 /* BVTDetailTableViewController.m in Sources */,
				644112161E2D345600C3ED18 /* BVTThumbNailTableViewCell.m in Sources */,
				643B4DC31E2CB2F100951303 /* AppDelegate.m in Sources */,
				649B84581EE0F92E00C3D6CD /* BVTAboutTableViewCell.m in Sources */,
				64C743E91EF4CA92001CA4EB /* BVTCache.m in Sources */,
				644112171E2D345600C3ED18 /* BVTYelpAddressTableViewCell.m in Sources */,
				64A3386C1EA6F48E0061CA83 /* BVTTableViewSectionHeaderView.m in Sources */,
				644112141E2D345600C3ED18 /* BVTSubCategoryTableViewController.m in Sources */,
				642362121E5FCD4900073B68 /* BVTSurpriseSubCategoryTableViewController.m in Sources */,
				64E905EE1E49704000331C3F /* BVTYelpHoursTableViewCell.m in Sources */,
				64A338711EA7067F0061CA83 /* BVTHUDView.m in Sources */,
				6441120F1E2D345600C3ED18 /* BVTExploreCollectionViewCell.m in Sources */,
				644112191E2D345600C3ED18 /* BVTYelpMapTableViewCell.m in Sources */,
				648166B01E5657B400071628 /* BVTYelpReviewsTableViewCell.m in Sources */,
				6441121D1E2D345600C3ED18 /* BVTPageRootViewController.m in Sources */,
				64B990CE1E99D45C0002EE4E /* BVTSurpriseRecommendationsTableViewController.m in Sources */,
				6441120C1E2D345600C3ED18 /* BVTAboutTableViewController.m in Sources */,
				64C88B4E1E5545CF00ECA06B /* BVTPresentationTableViewController.m in Sources */,
				64A481081EC94E6800A80600 /* BVTTabBarController.m in Sources */,
				643B4DAF1E2CB2C300951303 /* main.m in Sources */,
				64908A7C1E494E6100BC6884 /* BVTYelpCategoryTableViewCell.m in Sources */,
				644112151E2D345600C3ED18 /* BVTSurpriseCategoryTableViewController.m in Sources */,
				644112121E2D345600C3ED18 /* BVTSplitTableViewCell.m in Sources */,
				64C88B5E1E55499800ECA06B /* BVTYelpPhotoTableViewCell.m in Sources */,
				6441121B1E2D345600C3ED18 /* BVTYelpRatingTableViewCell.m in Sources */,
			);
			runOnlyForDeploymentPostprocessing = 0;
		};
/* End PBXSourcesBuildPhase section */

/* Begin PBXVariantGroup section */
		64934CA61E306AD900386B5B /* LaunchScreen.storyboard */ = {
			isa = PBXVariantGroup;
			children = (
				64934CA71E306AD900386B5B /* Base */,
			);
			name = LaunchScreen.storyboard;
			sourceTree = "<group>";
		};
		64934CA81E306AD900386B5B /* Main.storyboard */ = {
			isa = PBXVariantGroup;
			children = (
				64934CA91E306AD900386B5B /* Base */,
			);
			name = Main.storyboard;
			sourceTree = "<group>";
		};
/* End PBXVariantGroup section */

/* Begin XCBuildConfiguration section */
		64F41D771E2C497F0053EBE2 /* Debug */ = {
			isa = XCBuildConfiguration;
			buildSettings = {
				ALWAYS_SEARCH_USER_PATHS = NO;
				CLANG_ANALYZER_NONNULL = YES;
				CLANG_CXX_LANGUAGE_STANDARD = "gnu++0x";
				CLANG_CXX_LIBRARY = "libc++";
				CLANG_ENABLE_MODULES = YES;
				CLANG_ENABLE_OBJC_ARC = YES;
				CLANG_WARN_BOOL_CONVERSION = YES;
				CLANG_WARN_CONSTANT_CONVERSION = YES;
				CLANG_WARN_DIRECT_OBJC_ISA_USAGE = YES_ERROR;
				CLANG_WARN_DOCUMENTATION_COMMENTS = YES;
				CLANG_WARN_EMPTY_BODY = YES;
				CLANG_WARN_ENUM_CONVERSION = YES;
				CLANG_WARN_INFINITE_RECURSION = YES;
				CLANG_WARN_INT_CONVERSION = YES;
				CLANG_WARN_OBJC_ROOT_CLASS = YES_ERROR;
				CLANG_WARN_SUSPICIOUS_MOVE = YES;
				CLANG_WARN_UNREACHABLE_CODE = YES;
				CLANG_WARN__DUPLICATE_METHOD_MATCH = YES;
				CODE_SIGN_IDENTITY = "iPhone Developer";
				"CODE_SIGN_IDENTITY[sdk=iphoneos*]" = "iPhone Developer";
				COPY_PHASE_STRIP = NO;
				DEBUG_INFORMATION_FORMAT = dwarf;
				ENABLE_ON_DEMAND_RESOURCES = YES;
				ENABLE_STRICT_OBJC_MSGSEND = YES;
				ENABLE_TESTABILITY = YES;
				GCC_C_LANGUAGE_STANDARD = gnu99;
				GCC_DYNAMIC_NO_PIC = NO;
				GCC_NO_COMMON_BLOCKS = YES;
				GCC_OPTIMIZATION_LEVEL = 0;
				GCC_PREPROCESSOR_DEFINITIONS = (
					"DEBUG=1",
					"$(inherited)",
				);
				GCC_WARN_64_TO_32_BIT_CONVERSION = YES;
				GCC_WARN_ABOUT_RETURN_TYPE = YES_ERROR;
				GCC_WARN_UNDECLARED_SELECTOR = YES;
				GCC_WARN_UNINITIALIZED_AUTOS = YES_AGGRESSIVE;
				GCC_WARN_UNUSED_FUNCTION = YES;
				GCC_WARN_UNUSED_VARIABLE = YES;
				IPHONEOS_DEPLOYMENT_TARGET = 9.0;
				MTL_ENABLE_DEBUG_INFO = YES;
				ONLY_ACTIVE_ARCH = YES;
				SDKROOT = iphoneos;
				TARGETED_DEVICE_FAMILY = "1,2";
				VALID_ARCHS = "arm64 armv7 armv7s";
			};
			name = Debug;
		};
		64F41D781E2C497F0053EBE2 /* Release */ = {
			isa = XCBuildConfiguration;
			buildSettings = {
				ALWAYS_SEARCH_USER_PATHS = NO;
				CLANG_ANALYZER_NONNULL = YES;
				CLANG_CXX_LANGUAGE_STANDARD = "gnu++0x";
				CLANG_CXX_LIBRARY = "libc++";
				CLANG_ENABLE_MODULES = YES;
				CLANG_ENABLE_OBJC_ARC = YES;
				CLANG_WARN_BOOL_CONVERSION = YES;
				CLANG_WARN_CONSTANT_CONVERSION = YES;
				CLANG_WARN_DIRECT_OBJC_ISA_USAGE = YES_ERROR;
				CLANG_WARN_DOCUMENTATION_COMMENTS = YES;
				CLANG_WARN_EMPTY_BODY = YES;
				CLANG_WARN_ENUM_CONVERSION = YES;
				CLANG_WARN_INFINITE_RECURSION = YES;
				CLANG_WARN_INT_CONVERSION = YES;
				CLANG_WARN_OBJC_ROOT_CLASS = YES_ERROR;
				CLANG_WARN_SUSPICIOUS_MOVE = YES;
				CLANG_WARN_UNREACHABLE_CODE = YES;
				CLANG_WARN__DUPLICATE_METHOD_MATCH = YES;
				CODE_SIGN_IDENTITY = "iPhone Developer";
				"CODE_SIGN_IDENTITY[sdk=iphoneos*]" = "iPhone Developer: Greg Gomez (95DS5BGM86)";
				COPY_PHASE_STRIP = NO;
				DEBUG_INFORMATION_FORMAT = "dwarf-with-dsym";
				ENABLE_NS_ASSERTIONS = NO;
				ENABLE_ON_DEMAND_RESOURCES = YES;
				ENABLE_STRICT_OBJC_MSGSEND = YES;
				GCC_C_LANGUAGE_STANDARD = gnu99;
				GCC_NO_COMMON_BLOCKS = YES;
				GCC_WARN_64_TO_32_BIT_CONVERSION = YES;
				GCC_WARN_ABOUT_RETURN_TYPE = YES_ERROR;
				GCC_WARN_UNDECLARED_SELECTOR = YES;
				GCC_WARN_UNINITIALIZED_AUTOS = YES_AGGRESSIVE;
				GCC_WARN_UNUSED_FUNCTION = YES;
				GCC_WARN_UNUSED_VARIABLE = YES;
				IPHONEOS_DEPLOYMENT_TARGET = 9.0;
				MTL_ENABLE_DEBUG_INFO = NO;
				SDKROOT = iphoneos;
				TARGETED_DEVICE_FAMILY = "1,2";
				VALIDATE_PRODUCT = YES;
				VALID_ARCHS = "arm64 armv7 armv7s";
			};
			name = Release;
		};
		64F41D7A1E2C497F0053EBE2 /* Debug */ = {
			isa = XCBuildConfiguration;
			baseConfigurationReference = 812CD2D8F0E4D852D7328DA4 /* Pods-bvt.debug.xcconfig */;
			buildSettings = {
				ASSETCATALOG_COMPILER_APPICON_NAME = AppIcon;
				"CODE_SIGN_IDENTITY[sdk=iphoneos*]" = "iPhone Developer";
				DEVELOPMENT_TEAM = 58K3LSSQL5;
				FRAMEWORK_SEARCH_PATHS = (
					"$(inherited)",
					"$(PROJECT_DIR)",
				);
				INFOPLIST_FILE = Info.plist;
				LD_RUNPATH_SEARCH_PATHS = "$(inherited) @executable_path/Frameworks";
				ONLY_ACTIVE_ARCH = NO;
				PRODUCT_BUNDLE_IDENTIFIER = gms.bvt;
				PRODUCT_NAME = Burlingtonian;
				PROVISIONING_PROFILE = "";
				PROVISIONING_PROFILE_SPECIFIER = "";
				TARGETED_DEVICE_FAMILY = 1;
				VALID_ARCHS = "x86_64 arm64 armv7 armvs7 armv6";
			};
			name = Debug;
		};
		64F41D7B1E2C497F0053EBE2 /* Release */ = {
			isa = XCBuildConfiguration;
			baseConfigurationReference = A13E28BFC52912BF5475C256 /* Pods-bvt.release.xcconfig */;
			buildSettings = {
				ASSETCATALOG_COMPILER_APPICON_NAME = AppIcon;
				"CODE_SIGN_IDENTITY[sdk=iphoneos*]" = "iPhone Developer";
				DEVELOPMENT_TEAM = 58K3LSSQL5;
				FRAMEWORK_SEARCH_PATHS = (
					"$(inherited)",
					"$(PROJECT_DIR)",
				);
				INFOPLIST_FILE = Info.plist;
				LD_RUNPATH_SEARCH_PATHS = "$(inherited) @executable_path/Frameworks";
				ONLY_ACTIVE_ARCH = NO;
				PRODUCT_BUNDLE_IDENTIFIER = gms.bvt;
				PRODUCT_NAME = Burlingtonian;
				TARGETED_DEVICE_FAMILY = 1;
				VALID_ARCHS = "x86_64 arm64 armv7 armvs7 armv6";
			};
			name = Release;
		};
/* End XCBuildConfiguration section */

/* Begin XCConfigurationList section */
		64F41D5A1E2C497F0053EBE2 /* Build configuration list for PBXProject "bvt" */ = {
			isa = XCConfigurationList;
			buildConfigurations = (
				64F41D771E2C497F0053EBE2 /* Debug */,
				64F41D781E2C497F0053EBE2 /* Release */,
			);
			defaultConfigurationIsVisible = 0;
			defaultConfigurationName = Release;
		};
		64F41D791E2C497F0053EBE2 /* Build configuration list for PBXNativeTarget "bvt" */ = {
			isa = XCConfigurationList;
			buildConfigurations = (
				64F41D7A1E2C497F0053EBE2 /* Debug */,
				64F41D7B1E2C497F0053EBE2 /* Release */,
			);
			defaultConfigurationIsVisible = 0;
			defaultConfigurationName = Release;
		};
/* End XCConfigurationList section */
	};
	rootObject = 64F41D571E2C497F0053EBE2 /* Project object */;
}
