// !$*UTF8*$!
{
	archiveVersion = 1;
	classes = {
	};
	objectVersion = 46;
	objects = {

/* Begin PBXBuildFile section */
		643B4DAE1E2CB2C300951303 /* Info.plist in Resources */ = {isa = PBXBuildFile; fileRef = 643B4DAC1E2CB2C300951303 /* Info.plist */; };
		643B4DAF1E2CB2C300951303 /* main.m in Sources */ = {isa = PBXBuildFile; fileRef = 643B4DAD1E2CB2C300951303 /* main.m */; };
		643B4DB11E2CB2D300951303 /* Assets.xcassets in Resources */ = {isa = PBXBuildFile; fileRef = 643B4DB01E2CB2D300951303 /* Assets.xcassets */; };
		643B4DB61E2CB2DD00951303 /* LaunchScreen.storyboard in Resources */ = {isa = PBXBuildFile; fileRef = 643B4DB21E2CB2DD00951303 /* LaunchScreen.storyboard */; };
		643B4DB71E2CB2DD00951303 /* Main.storyboard in Resources */ = {isa = PBXBuildFile; fileRef = 643B4DB41E2CB2DD00951303 /* Main.storyboard */; };
		643B4DC31E2CB2F100951303 /* AppDelegate.m in Sources */ = {isa = PBXBuildFile; fileRef = 643B4DB91E2CB2F100951303 /* AppDelegate.m */; };
		643B4DC41E2CB2F100951303 /* FirstViewController.m in Sources */ = {isa = PBXBuildFile; fileRef = 643B4DBB1E2CB2F100951303 /* FirstViewController.m */; };
		643B4DC51E2CB2F100951303 /* SecondViewController.m in Sources */ = {isa = PBXBuildFile; fileRef = 643B4DBD1E2CB2F100951303 /* SecondViewController.m */; };
		CF386C2C86B09043D41680B2 /* libPods-bvt.a in Frameworks */ = {isa = PBXBuildFile; fileRef = 590D4A53A998579B76DD8514 /* libPods-bvt.a */; };
/* End PBXBuildFile section */

/* Begin PBXCopyFilesBuildPhase section */
		640178FE1E2C4B9B00BBA8D2 /* Embed Frameworks */ = {
			isa = PBXCopyFilesBuildPhase;
			buildActionMask = 2147483647;
			dstPath = "";
			dstSubfolderSpec = 10;
			files = (
			);
			name = "Embed Frameworks";
			runOnlyForDeploymentPostprocessing = 0;
		};
/* End PBXCopyFilesBuildPhase section */

/* Begin PBXFileReference section */
		590D4A53A998579B76DD8514 /* libPods-bvt.a */ = {isa = PBXFileReference; explicitFileType = archive.ar; includeInIndex = 0; path = "libPods-bvt.a"; sourceTree = BUILT_PRODUCTS_DIR; };
		640178FF1E2C4BAF00BBA8D2 /* libYelpAPI.a */ = {isa = PBXFileReference; lastKnownFileType = archive.ar; name = libYelpAPI.a; path = "../../Library/Developer/Xcode/DerivedData/bvt-hjftkdqploieouekjahtdglmzgkr/Build/Products/Debug-iphonesimulator/YelpAPI/libYelpAPI.a"; sourceTree = "<group>"; };
		640179011E2C4BB900BBA8D2 /* YelpAPI.framework */ = {isa = PBXFileReference; lastKnownFileType = wrapper.framework; name = YelpAPI.framework; path = System/Library/Frameworks/YelpAPI.framework; sourceTree = SDKROOT; };
		643B4DAC1E2CB2C300951303 /* Info.plist */ = {isa = PBXFileReference; fileEncoding = 4; lastKnownFileType = text.plist.xml; path = Info.plist; sourceTree = SOURCE_ROOT; };
		643B4DAD1E2CB2C300951303 /* main.m */ = {isa = PBXFileReference; fileEncoding = 4; lastKnownFileType = sourcecode.c.objc; path = main.m; sourceTree = SOURCE_ROOT; };
		643B4DB01E2CB2D300951303 /* Assets.xcassets */ = {isa = PBXFileReference; lastKnownFileType = folder.assetcatalog; name = Assets.xcassets; path = Classes/Assets.xcassets; sourceTree = "<group>"; };
		643B4DB31E2CB2DD00951303 /* Base */ = {isa = PBXFileReference; lastKnownFileType = file.storyboard; name = Base; path = Classes/Base.lproj/LaunchScreen.storyboard; sourceTree = "<group>"; };
		643B4DB51E2CB2DD00951303 /* Base */ = {isa = PBXFileReference; lastKnownFileType = file.storyboard; name = Base; path = Classes/Base.lproj/Main.storyboard; sourceTree = "<group>"; };
		643B4DB81E2CB2F100951303 /* AppDelegate.h */ = {isa = PBXFileReference; fileEncoding = 4; lastKnownFileType = sourcecode.c.h; name = AppDelegate.h; path = Classes/AppDelegate.h; sourceTree = SOURCE_ROOT; };
		643B4DB91E2CB2F100951303 /* AppDelegate.m */ = {isa = PBXFileReference; fileEncoding = 4; lastKnownFileType = sourcecode.c.objc; name = AppDelegate.m; path = Classes/AppDelegate.m; sourceTree = SOURCE_ROOT; };
		643B4DBA1E2CB2F100951303 /* FirstViewController.h */ = {isa = PBXFileReference; fileEncoding = 4; lastKnownFileType = sourcecode.c.h; name = FirstViewController.h; path = Classes/FirstViewController.h; sourceTree = SOURCE_ROOT; };
		643B4DBB1E2CB2F100951303 /* FirstViewController.m */ = {isa = PBXFileReference; fileEncoding = 4; lastKnownFileType = sourcecode.c.objc; name = FirstViewController.m; path = Classes/FirstViewController.m; sourceTree = SOURCE_ROOT; };
		643B4DBC1E2CB2F100951303 /* SecondViewController.h */ = {isa = PBXFileReference; fileEncoding = 4; lastKnownFileType = sourcecode.c.h; name = SecondViewController.h; path = Classes/SecondViewController.h; sourceTree = SOURCE_ROOT; };
		643B4DBD1E2CB2F100951303 /* SecondViewController.m */ = {isa = PBXFileReference; fileEncoding = 4; lastKnownFileType = sourcecode.c.objc; name = SecondViewController.m; path = Classes/SecondViewController.m; sourceTree = SOURCE_ROOT; };
		64F41D5F1E2C497F0053EBE2 /* bvt.app */ = {isa = PBXFileReference; explicitFileType = wrapper.application; includeInIndex = 0; path = bvt.app; sourceTree = BUILT_PRODUCTS_DIR; };
		812CD2D8F0E4D852D7328DA4 /* Pods-bvt.debug.xcconfig */ = {isa = PBXFileReference; includeInIndex = 1; lastKnownFileType = text.xcconfig; name = "Pods-bvt.debug.xcconfig"; path = "Pods/Target Support Files/Pods-bvt/Pods-bvt.debug.xcconfig"; sourceTree = "<group>"; };
		A13E28BFC52912BF5475C256 /* Pods-bvt.release.xcconfig */ = {isa = PBXFileReference; includeInIndex = 1; lastKnownFileType = text.xcconfig; name = "Pods-bvt.release.xcconfig"; path = "Pods/Target Support Files/Pods-bvt/Pods-bvt.release.xcconfig"; sourceTree = "<group>"; };
/* End PBXFileReference section */

/* Begin PBXFrameworksBuildPhase section */
		64F41D5C1E2C497F0053EBE2 /* Frameworks */ = {
			isa = PBXFrameworksBuildPhase;
			buildActionMask = 2147483647;
			files = (
				CF386C2C86B09043D41680B2 /* libPods-bvt.a in Frameworks */,
			);
			runOnlyForDeploymentPostprocessing = 0;
		};
/* End PBXFrameworksBuildPhase section */

/* Begin PBXGroup section */
		643B4DBE1E2CB2F100951303 /* yelp */ = {
			isa = PBXGroup;
			children = (
				643B4DBF1E2CB2F100951303 /* Client */,
				643B4DC01E2CB2F100951303 /* Common */,
				643B4DC11E2CB2F100951303 /* Request */,
				643B4DC21E2CB2F100951303 /* Response */,
			);
			name = yelp;
			path = Classes/yelp;
			sourceTree = SOURCE_ROOT;
		};
		643B4DBF1E2CB2F100951303 /* Client */ = {
			isa = PBXGroup;
			children = (
			);
			path = Client;
			sourceTree = "<group>";
		};
		643B4DC01E2CB2F100951303 /* Common */ = {
			isa = PBXGroup;
			children = (
			);
			path = Common;
			sourceTree = "<group>";
		};
		643B4DC11E2CB2F100951303 /* Request */ = {
			isa = PBXGroup;
			children = (
			);
			path = Request;
			sourceTree = "<group>";
		};
		643B4DC21E2CB2F100951303 /* Response */ = {
			isa = PBXGroup;
			children = (
			);
			path = Response;
			sourceTree = "<group>";
		};
		64F41D561E2C497F0053EBE2 = {
			isa = PBXGroup;
			children = (
				643B4DB01E2CB2D300951303 /* Assets.xcassets */,
				643B4DB21E2CB2DD00951303 /* LaunchScreen.storyboard */,
				643B4DB41E2CB2DD00951303 /* Main.storyboard */,
				64F41D621E2C497F0053EBE2 /* Supporting Files */,
				64F41D611E2C497F0053EBE2 /* Classes */,
				64F41D601E2C497F0053EBE2 /* Products */,
				D78ABA542C27A54E9B11D3A9 /* Pods */,
				81DC3A0A017F6247E73F74F1 /* Frameworks */,
			);
			sourceTree = "<group>";
		};
		64F41D601E2C497F0053EBE2 /* Products */ = {
			isa = PBXGroup;
			children = (
				64F41D5F1E2C497F0053EBE2 /* bvt.app */,
			);
			name = Products;
			sourceTree = "<group>";
		};
		64F41D611E2C497F0053EBE2 /* Classes */ = {
			isa = PBXGroup;
			children = (
				643B4DB81E2CB2F100951303 /* AppDelegate.h */,
				643B4DB91E2CB2F100951303 /* AppDelegate.m */,
				643B4DBA1E2CB2F100951303 /* FirstViewController.h */,
				643B4DBB1E2CB2F100951303 /* FirstViewController.m */,
				643B4DBC1E2CB2F100951303 /* SecondViewController.h */,
				643B4DBD1E2CB2F100951303 /* SecondViewController.m */,
				643B4DBE1E2CB2F100951303 /* yelp */,
			);
			name = Classes;
			path = bvt;
			sourceTree = "<group>";
		};
		64F41D621E2C497F0053EBE2 /* Supporting Files */ = {
			isa = PBXGroup;
			children = (
				643B4DAC1E2CB2C300951303 /* Info.plist */,
				643B4DAD1E2CB2C300951303 /* main.m */,
			);
			name = "Supporting Files";
			path = bvt;
			sourceTree = "<group>";
		};
		81DC3A0A017F6247E73F74F1 /* Frameworks */ = {
			isa = PBXGroup;
			children = (
				640179011E2C4BB900BBA8D2 /* YelpAPI.framework */,
				640178FF1E2C4BAF00BBA8D2 /* libYelpAPI.a */,
				590D4A53A998579B76DD8514 /* libPods-bvt.a */,
			);
			name = Frameworks;
			sourceTree = "<group>";
		};
		D78ABA542C27A54E9B11D3A9 /* Pods */ = {
			isa = PBXGroup;
			children = (
				812CD2D8F0E4D852D7328DA4 /* Pods-bvt.debug.xcconfig */,
				A13E28BFC52912BF5475C256 /* Pods-bvt.release.xcconfig */,
			);
			name = Pods;
			sourceTree = "<group>";
		};
/* End PBXGroup section */

/* Begin PBXNativeTarget section */
		64F41D5E1E2C497F0053EBE2 /* bvt */ = {
			isa = PBXNativeTarget;
			buildConfigurationList = 64F41D791E2C497F0053EBE2 /* Build configuration list for PBXNativeTarget "bvt" */;
			buildPhases = (
				4271AA253243E143826615D8 /* [CP] Check Pods Manifest.lock */,
				64F41D5B1E2C497F0053EBE2 /* Sources */,
				64F41D5C1E2C497F0053EBE2 /* Frameworks */,
				64F41D5D1E2C497F0053EBE2 /* Resources */,
				11E936364EB0E267D2462762 /* [CP] Embed Pods Frameworks */,
				EB32BFEBA4D806AA7EE9815D /* [CP] Copy Pods Resources */,
				640178FE1E2C4B9B00BBA8D2 /* Embed Frameworks */,
			);
			buildRules = (
			);
			dependencies = (
			);
			name = bvt;
			productName = bvt;
			productReference = 64F41D5F1E2C497F0053EBE2 /* bvt.app */;
			productType = "com.apple.product-type.application";
		};
/* End PBXNativeTarget section */

/* Begin PBXProject section */
		64F41D571E2C497F0053EBE2 /* Project object */ = {
			isa = PBXProject;
			attributes = {
				LastUpgradeCheck = 0820;
				ORGANIZATIONNAME = gms;
				TargetAttributes = {
					64F41D5E1E2C497F0053EBE2 = {
						CreatedOnToolsVersion = 8.2.1;
						DevelopmentTeam = 58K3LSSQL5;
						ProvisioningStyle = Automatic;
					};
				};
			};
			buildConfigurationList = 64F41D5A1E2C497F0053EBE2 /* Build configuration list for PBXProject "bvt" */;
			compatibilityVersion = "Xcode 3.2";
			developmentRegion = English;
			hasScannedForEncodings = 0;
			knownRegions = (
				en,
				Base,
			);
			mainGroup = 64F41D561E2C497F0053EBE2;
			productRefGroup = 64F41D601E2C497F0053EBE2 /* Products */;
			projectDirPath = "";
			projectRoot = "";
			targets = (
				64F41D5E1E2C497F0053EBE2 /* bvt */,
			);
		};
/* End PBXProject section */

/* Begin PBXResourcesBuildPhase section */
		64F41D5D1E2C497F0053EBE2 /* Resources */ = {
			isa = PBXResourcesBuildPhase;
			buildActionMask = 2147483647;
			files = (
				643B4DB61E2CB2DD00951303 /* LaunchScreen.storyboard in Resources */,
				643B4DB11E2CB2D300951303 /* Assets.xcassets in Resources */,
				643B4DAE1E2CB2C300951303 /* Info.plist in Resources */,
				643B4DB71E2CB2DD00951303 /* Main.storyboard in Resources */,
			);
			runOnlyForDeploymentPostprocessing = 0;
		};
/* End PBXResourcesBuildPhase section */

/* Begin PBXShellScriptBuildPhase section */
		11E936364EB0E267D2462762 /* [CP] Embed Pods Frameworks */ = {
			isa = PBXShellScriptBuildPhase;
			buildActionMask = 2147483647;
			files = (
			);
			inputPaths = (
			);
			name = "[CP] Embed Pods Frameworks";
			outputPaths = (
			);
			runOnlyForDeploymentPostprocessing = 0;
			shellPath = /bin/sh;
			shellScript = "\"${SRCROOT}/Pods/Target Support Files/Pods-bvt/Pods-bvt-frameworks.sh\"\n";
			showEnvVarsInLog = 0;
		};
		4271AA253243E143826615D8 /* [CP] Check Pods Manifest.lock */ = {
			isa = PBXShellScriptBuildPhase;
			buildActionMask = 2147483647;
			files = (
			);
			inputPaths = (
			);
			name = "[CP] Check Pods Manifest.lock";
			outputPaths = (
			);
			runOnlyForDeploymentPostprocessing = 0;
			shellPath = /bin/sh;
			shellScript = "diff \"${PODS_ROOT}/../Podfile.lock\" \"${PODS_ROOT}/Manifest.lock\" > /dev/null\nif [ $? != 0 ] ; then\n    # print error to STDERR\n    echo \"error: The sandbox is not in sync with the Podfile.lock. Run 'pod install' or update your CocoaPods installation.\" >&2\n    exit 1\nfi\n";
			showEnvVarsInLog = 0;
		};
		EB32BFEBA4D806AA7EE9815D /* [CP] Copy Pods Resources */ = {
			isa = PBXShellScriptBuildPhase;
			buildActionMask = 2147483647;
			files = (
			);
			inputPaths = (
			);
			name = "[CP] Copy Pods Resources";
			outputPaths = (
			);
			runOnlyForDeploymentPostprocessing = 0;
			shellPath = /bin/sh;
			shellScript = "\"${SRCROOT}/Pods/Target Support Files/Pods-bvt/Pods-bvt-resources.sh\"\n";
			showEnvVarsInLog = 0;
		};
/* End PBXShellScriptBuildPhase section */

/* Begin PBXSourcesBuildPhase section */
		64F41D5B1E2C497F0053EBE2 /* Sources */ = {
			isa = PBXSourcesBuildPhase;
			buildActionMask = 2147483647;
			files = (
				643B4DC51E2CB2F100951303 /* SecondViewController.m in Sources */,
				643B4DC31E2CB2F100951303 /* AppDelegate.m in Sources */,
				643B4DC41E2CB2F100951303 /* FirstViewController.m in Sources */,
				643B4DAF1E2CB2C300951303 /* main.m in Sources */,
			);
			runOnlyForDeploymentPostprocessing = 0;
		};
/* End PBXSourcesBuildPhase section */

/* Begin PBXVariantGroup section */
		643B4DB21E2CB2DD00951303 /* LaunchScreen.storyboard */ = {
			isa = PBXVariantGroup;
			children = (
				643B4DB31E2CB2DD00951303 /* Base */,
			);
			name = LaunchScreen.storyboard;
			sourceTree = "<group>";
		};
		643B4DB41E2CB2DD00951303 /* Main.storyboard */ = {
			isa = PBXVariantGroup;
			children = (
				643B4DB51E2CB2DD00951303 /* Base */,
			);
			name = Main.storyboard;
			sourceTree = "<group>";
		};
/* End PBXVariantGroup section */

/* Begin XCBuildConfiguration section */
		64F41D771E2C497F0053EBE2 /* Debug */ = {
			isa = XCBuildConfiguration;
			buildSettings = {
				ALWAYS_SEARCH_USER_PATHS = NO;
				CLANG_ANALYZER_NONNULL = YES;
				CLANG_CXX_LANGUAGE_STANDARD = "gnu++0x";
				CLANG_CXX_LIBRARY = "libc++";
				CLANG_ENABLE_MODULES = YES;
				CLANG_ENABLE_OBJC_ARC = YES;
				CLANG_WARN_BOOL_CONVERSION = YES;
				CLANG_WARN_CONSTANT_CONVERSION = YES;
				CLANG_WARN_DIRECT_OBJC_ISA_USAGE = YES_ERROR;
				CLANG_WARN_DOCUMENTATION_COMMENTS = YES;
				CLANG_WARN_EMPTY_BODY = YES;
				CLANG_WARN_ENUM_CONVERSION = YES;
				CLANG_WARN_INFINITE_RECURSION = YES;
				CLANG_WARN_INT_CONVERSION = YES;
				CLANG_WARN_OBJC_ROOT_CLASS = YES_ERROR;
				CLANG_WARN_SUSPICIOUS_MOVE = YES;
				CLANG_WARN_UNREACHABLE_CODE = YES;
				CLANG_WARN__DUPLICATE_METHOD_MATCH = YES;
				"CODE_SIGN_IDENTITY[sdk=iphoneos*]" = "iPhone Developer";
				COPY_PHASE_STRIP = NO;
				DEBUG_INFORMATION_FORMAT = dwarf;
				ENABLE_STRICT_OBJC_MSGSEND = YES;
				ENABLE_TESTABILITY = YES;
				GCC_C_LANGUAGE_STANDARD = gnu99;
				GCC_DYNAMIC_NO_PIC = NO;
				GCC_NO_COMMON_BLOCKS = YES;
				GCC_OPTIMIZATION_LEVEL = 0;
				GCC_PREPROCESSOR_DEFINITIONS = (
					"DEBUG=1",
					"$(inherited)",
				);
				GCC_WARN_64_TO_32_BIT_CONVERSION = YES;
				GCC_WARN_ABOUT_RETURN_TYPE = YES_ERROR;
				GCC_WARN_UNDECLARED_SELECTOR = YES;
				GCC_WARN_UNINITIALIZED_AUTOS = YES_AGGRESSIVE;
				GCC_WARN_UNUSED_FUNCTION = YES;
				GCC_WARN_UNUSED_VARIABLE = YES;
				IPHONEOS_DEPLOYMENT_TARGET = 10.2;
				MTL_ENABLE_DEBUG_INFO = YES;
				ONLY_ACTIVE_ARCH = YES;
				SDKROOT = iphoneos;
				TARGETED_DEVICE_FAMILY = "1,2";
			};
			name = Debug;
		};
		64F41D781E2C497F0053EBE2 /* Release */ = {
			isa = XCBuildConfiguration;
			buildSettings = {
				ALWAYS_SEARCH_USER_PATHS = NO;
				CLANG_ANALYZER_NONNULL = YES;
				CLANG_CXX_LANGUAGE_STANDARD = "gnu++0x";
				CLANG_CXX_LIBRARY = "libc++";
				CLANG_ENABLE_MODULES = YES;
				CLANG_ENABLE_OBJC_ARC = YES;
				CLANG_WARN_BOOL_CONVERSION = YES;
				CLANG_WARN_CONSTANT_CONVERSION = YES;
				CLANG_WARN_DIRECT_OBJC_ISA_USAGE = YES_ERROR;
				CLANG_WARN_DOCUMENTATION_COMMENTS = YES;
				CLANG_WARN_EMPTY_BODY = YES;
				CLANG_WARN_ENUM_CONVERSION = YES;
				CLANG_WARN_INFINITE_RECURSION = YES;
				CLANG_WARN_INT_CONVERSION = YES;
				CLANG_WARN_OBJC_ROOT_CLASS = YES_ERROR;
				CLANG_WARN_SUSPICIOUS_MOVE = YES;
				CLANG_WARN_UNREACHABLE_CODE = YES;
				CLANG_WARN__DUPLICATE_METHOD_MATCH = YES;
				"CODE_SIGN_IDENTITY[sdk=iphoneos*]" = "iPhone Developer";
				COPY_PHASE_STRIP = NO;
				DEBUG_INFORMATION_FORMAT = "dwarf-with-dsym";
				ENABLE_NS_ASSERTIONS = NO;
				ENABLE_STRICT_OBJC_MSGSEND = YES;
				GCC_C_LANGUAGE_STANDARD = gnu99;
				GCC_NO_COMMON_BLOCKS = YES;
				GCC_WARN_64_TO_32_BIT_CONVERSION = YES;
				GCC_WARN_ABOUT_RETURN_TYPE = YES_ERROR;
				GCC_WARN_UNDECLARED_SELECTOR = YES;
				GCC_WARN_UNINITIALIZED_AUTOS = YES_AGGRESSIVE;
				GCC_WARN_UNUSED_FUNCTION = YES;
				GCC_WARN_UNUSED_VARIABLE = YES;
				IPHONEOS_DEPLOYMENT_TARGET = 10.2;
				MTL_ENABLE_DEBUG_INFO = NO;
				SDKROOT = iphoneos;
				TARGETED_DEVICE_FAMILY = "1,2";
				VALIDATE_PRODUCT = YES;
			};
			name = Release;
		};
		64F41D7A1E2C497F0053EBE2 /* Debug */ = {
			isa = XCBuildConfiguration;
			baseConfigurationReference = 812CD2D8F0E4D852D7328DA4 /* Pods-bvt.debug.xcconfig */;
			buildSettings = {
				ASSETCATALOG_COMPILER_APPICON_NAME = AppIcon;
				DEVELOPMENT_TEAM = 58K3LSSQL5;
				FRAMEWORK_SEARCH_PATHS = (
					"$(inherited)",
					"$(PROJECT_DIR)",
				);
				INFOPLIST_FILE = Info.plist;
				LD_RUNPATH_SEARCH_PATHS = "$(inherited) @executable_path/Frameworks";
				PRODUCT_BUNDLE_IDENTIFIER = gms.bvt;
				PRODUCT_NAME = "$(TARGET_NAME)";
			};
			name = Debug;
		};
		64F41D7B1E2C497F0053EBE2 /* Release */ = {
			isa = XCBuildConfiguration;
			baseConfigurationReference = A13E28BFC52912BF5475C256 /* Pods-bvt.release.xcconfig */;
			buildSettings = {
				ASSETCATALOG_COMPILER_APPICON_NAME = AppIcon;
				DEVELOPMENT_TEAM = 58K3LSSQL5;
				FRAMEWORK_SEARCH_PATHS = (
					"$(inherited)",
					"$(PROJECT_DIR)",
				);
				INFOPLIST_FILE = Info.plist;
				LD_RUNPATH_SEARCH_PATHS = "$(inherited) @executable_path/Frameworks";
				PRODUCT_BUNDLE_IDENTIFIER = gms.bvt;
				PRODUCT_NAME = "$(TARGET_NAME)";
			};
			name = Release;
		};
/* End XCBuildConfiguration section */

/* Begin XCConfigurationList section */
		64F41D5A1E2C497F0053EBE2 /* Build configuration list for PBXProject "bvt" */ = {
			isa = XCConfigurationList;
			buildConfigurations = (
				64F41D771E2C497F0053EBE2 /* Debug */,
				64F41D781E2C497F0053EBE2 /* Release */,
			);
			defaultConfigurationIsVisible = 0;
			defaultConfigurationName = Release;
		};
		64F41D791E2C497F0053EBE2 /* Build configuration list for PBXNativeTarget "bvt" */ = {
			isa = XCConfigurationList;
			buildConfigurations = (
				64F41D7A1E2C497F0053EBE2 /* Debug */,
				64F41D7B1E2C497F0053EBE2 /* Release */,
			);
			defaultConfigurationIsVisible = 0;
			defaultConfigurationName = Release;
		};
/* End XCConfigurationList section */
	};
	rootObject = 64F41D571E2C497F0053EBE2 /* Project object */;
}
